
Microsoft Visual Studio Solution File, Format Version 12.00
# Visual Studio Version 16
VisualStudioVersion = 16.0.28803.156
MinimumVisualStudioVersion = 10.0.40219.1
Project("{FAE04EC0-301F-11D3-BF4B-00C04F79EFBC}") = "CommerceTraining", "CommerceTraining\CommerceTraining.csproj", "{B4D52045-3FE3-459A-875F-282B130F7204}"
EndProject
Project("{FAE04EC0-301F-11D3-BF4B-00C04F79EFBC}") = "CommerceManager", "CommerceManager\CommerceManager.csproj", "{E2903367-F119-412B-B299-76E91E3F2533}"
EndProject
Project("{FAE04EC0-301F-11D3-BF4B-00C04F79EFBC}") = "CommerceTraining.Tests", "CommerceTraining.Tests\CommerceTraining.Tests.csproj", "{871D4D59-C5DE-4C65-9E71-CCAD1BA8450F}"
EndProject
Project("{FAE04EC0-301F-11D3-BF4B-00C04F79EFBC}") = "CustomBFHandler", "CustomBFHandler\CustomBFHandler.csproj", "{DEA7D96B-F685-48AF-BA5D-0649508C1BCD}"
EndProject
Global
	GlobalSection(SolutionConfigurationPlatforms) = preSolution
		Debug|Any CPU = Debug|Any CPU
		Release|Any CPU = Release|Any CPU
	EndGlobalSection
	GlobalSection(ProjectConfigurationPlatforms) = postSolution
		{B4D52045-3FE3-459A-875F-282B130F7204}.Debug|Any CPU.ActiveCfg = Debug|Any CPU
		{B4D52045-3FE3-459A-875F-282B130F7204}.Debug|Any CPU.Build.0 = Debug|Any CPU
		{B4D52045-3FE3-459A-875F-282B130F7204}.Release|Any CPU.ActiveCfg = Release|Any CPU
		{B4D52045-3FE3-459A-875F-282B130F7204}.Release|Any CPU.Build.0 = Release|Any CPU
		{E2903367-F119-412B-B299-76E91E3F2533}.Debug|Any CPU.ActiveCfg = Debug|Any CPU
		{E2903367-F119-412B-B299-76E91E3F2533}.Debug|Any CPU.Build.0 = Debug|Any CPU
		{E2903367-F119-412B-B299-76E91E3F2533}.Release|Any CPU.ActiveCfg = Release|Any CPU
		{E2903367-F119-412B-B299-76E91E3F2533}.Release|Any CPU.Build.0 = Release|Any CPU
		{871D4D59-C5DE-4C65-9E71-CCAD1BA8450F}.Debug|Any CPU.ActiveCfg = Debug|Any CPU
		{871D4D59-C5DE-4C65-9E71-CCAD1BA8450F}.Debug|Any CPU.Build.0 = Debug|Any CPU
		{871D4D59-C5DE-4C65-9E71-CCAD1BA8450F}.Release|Any CPU.ActiveCfg = Release|Any CPU
		{871D4D59-C5DE-4C65-9E71-CCAD1BA8450F}.Release|Any CPU.Build.0 = Release|Any CPU
		{DEA7D96B-F685-48AF-BA5D-0649508C1BCD}.Debug|Any CPU.ActiveCfg = Debug|Any CPU
		{DEA7D96B-F685-48AF-BA5D-0649508C1BCD}.Debug|Any CPU.Build.0 = Debug|Any CPU
		{DEA7D96B-F685-48AF-BA5D-0649508C1BCD}.Release|Any CPU.ActiveCfg = Release|Any CPU
		{DEA7D96B-F685-48AF-BA5D-0649508C1BCD}.Release|Any CPU.Build.0 = Release|Any CPU
	EndGlobalSection
	GlobalSection(SolutionProperties) = preSolution
		HideSolutionNode = FALSE
	EndGlobalSection
	GlobalSection(ExtensibilityGlobals) = postSolution
		SolutionGuid = {ADEF010B-53BD-41D3-8F0F-DCB39B13E351}
	EndGlobalSection
EndGlobal
